lockfileVersion: '6.0'

settings:
  autoInstallPeers: true
  excludeLinksFromLockfile: false

dependencies:
  '@fastify/autoload':
    specifier: ^5.8.0
    version: 5.8.0
  '@fastify/cors':
    specifier: ^9.0.1
    version: 9.0.1
  dayjs:
    specifier: ^1.11.10
    version: 1.11.10
  dotenv:
    specifier: ^16.4.2
    version: 16.4.5
  fastify-plugin:
    specifier: ^4.5.1
    version: 4.5.1
  path:
    specifier: ^0.12.7
    version: 0.12.7

packages:

  /@fastify/autoload@5.8.0:
    resolution: {integrity: sha512-bF86vl+1Kk91S41WIL9NrKhcugGQg/cQ959aTaombkCjA+9YAbgVCKKu2lRqtMsosDZ0CNRfVnaLYoHQIDUI2A==}
    dev: false

  /@fastify/cors@9.0.1:
    resolution: {integrity: sha512-YY9Ho3ovI+QHIL2hW+9X4XqQjXLjJqsU+sMV/xFsxZkE8p3GNnYVFpoOxF7SsP5ZL76gwvbo3V9L+FIekBGU4Q==}
    dependencies:
      fastify-plugin: 4.5.1
      mnemonist: 0.39.6
    dev: false

  /dayjs@1.11.10:
    resolution: {integrity: sha512-vjAczensTgRcqDERK0SR2XMwsF/tSvnvlv6VcF2GIhg6Sx4yOIt/irsr1RDJsKiIyBzJDpCoXiWWq28MqH2cnQ==}
    dev: false

  /dotenv@16.4.5:
    resolution: {integrity: sha512-ZmdL2rui+eB2YwhsWzjInR8LldtZHGDoQ1ugH85ppHKwpUHL7j7rN0Ti9NCnGiQbhaZ11FpR+7ao1dNsmduNUg==}
    engines: {node: '>=12'}
    dev: false

  /fastify-plugin@4.5.1:
    resolution: {integrity: sha512-stRHYGeuqpEZTL1Ef0Ovr2ltazUT9g844X5z/zEBFLG8RYlpDiOCIG+ATvYEp+/zmc7sN29mcIMp8gvYplYPIQ==}
    dev: false

  /inherits@2.0.3:
    resolution: {integrity: sha512-x00IRNXNy63jwGkJmzPigoySHbaqpNuzKbBOmzK+g2OdZpQ9w+sxCN+VSB3ja7IAge2OP2qpfxTjeNcyjmW1uw==}
    dev: false

  /mnemonist@0.39.6:
    resolution: {integrity: sha512-A/0v5Z59y63US00cRSLiloEIw3t5G+MiKz4BhX21FI+YBJXBOGW0ohFxTxO08dsOYlzxo87T7vGfZKYp2bcAWA==}
    dependencies:
      obliterator: 2.0.4
    dev: false

  /obliterator@2.0.4:
    resolution: {integrity: sha512-lgHwxlxV1qIg1Eap7LgIeoBWIMFibOjbrYPIPJZcI1mmGAI2m3lNYpK12Y+GBdPQ0U1hRwSord7GIaawz962qQ==}
    dev: false

  /path@0.12.7:
    resolution: {integrity: sha512-aXXC6s+1w7otVF9UletFkFcDsJeO7lSZBPUQhtb5O0xJe8LtYhj/GxldoL09bBj9+ZmE2hNoHqQSFMN5fikh4Q==}
    dependencies:
      process: 0.11.10
      util: 0.10.4
    dev: false

  /process@0.11.10:
    resolution: {integrity: sha512-cdGef/drWFoydD1JsMzuFf8100nZl+GT+yacc2bEced5f9Rjk4z+WtFUTBu9PhOi9j/jfmBPu0mMEY4wIdAF8A==}
    engines: {node: '>= 0.6.0'}
    dev: false

  /util@0.10.4:
    resolution: {integrity: sha512-0Pm9hTQ3se5ll1XihRic3FDIku70C+iHUdT/W926rSgHV5QgXsYbKZN8MSC3tJtSkhuROzvsQjAaFENRXr+19A==}
    dependencies:
      inherits: 2.0.3
    dev: false
